// !$*UTF8*$!
{
	archiveVersion = 1;
	classes = {
	};
	objectVersion = 56;
	objects = {

/* Begin PBXBuildFile section */
		0F0D67F12CB963AD1ECA8FE4 /* Pods_KubikChallengeTests.framework in Frameworks */ = {isa = PBXBuildFile; fileRef = 6872505A6A7CA6A1F49090F5 /* Pods_KubikChallengeTests.framework */; };
		4F6157172990D02B00C854D2 /* CoreDataStack.swift in Sources */ = {isa = PBXBuildFile; fileRef = 4F6157162990D02B00C854D2 /* CoreDataStack.swift */; };
		4F6157192990D08200C854D2 /* FavoritesManager.swift in Sources */ = {isa = PBXBuildFile; fileRef = 4F6157182990D08200C854D2 /* FavoritesManager.swift */; };
		4F61571B2990D77400C854D2 /* CoreDataTestStack.swift in Sources */ = {isa = PBXBuildFile; fileRef = 4F61571A2990D77400C854D2 /* CoreDataTestStack.swift */; };
		4F61571D2990D9AA00C854D2 /* HomePresenterTests.swift in Sources */ = {isa = PBXBuildFile; fileRef = 4F61571C2990D9AA00C854D2 /* HomePresenterTests.swift */; };
		4F61571F2990DA0F00C854D2 /* HomeProviderMock.swift in Sources */ = {isa = PBXBuildFile; fileRef = 4F61571E2990DA0F00C854D2 /* HomeProviderMock.swift */; };
		4F6157212990DA7500C854D2 /* Utils.swift in Sources */ = {isa = PBXBuildFile; fileRef = 4F6157202990DA7500C854D2 /* Utils.swift */; };
		4F6157232990DF1200C854D2 /* HomeViewControllerTests.swift in Sources */ = {isa = PBXBuildFile; fileRef = 4F6157222990DF1200C854D2 /* HomeViewControllerTests.swift */; };
		4F9A388F2990BACB00735159 /* AppDelegate.swift in Sources */ = {isa = PBXBuildFile; fileRef = 4F9A388E2990BACB00735159 /* AppDelegate.swift */; };
		4F9A38912990BACB00735159 /* SceneDelegate.swift in Sources */ = {isa = PBXBuildFile; fileRef = 4F9A38902990BACB00735159 /* SceneDelegate.swift */; };
		4F9A38992990BACB00735159 /* KubikChallenge.xcdatamodeld in Sources */ = {isa = PBXBuildFile; fileRef = 4F9A38972990BACB00735159 /* KubikChallenge.xcdatamodeld */; };
		4F9A389B2990BACC00735159 /* Assets.xcassets in Resources */ = {isa = PBXBuildFile; fileRef = 4F9A389A2990BACC00735159 /* Assets.xcassets */; };
		4F9A389E2990BACC00735159 /* LaunchScreen.storyboard in Resources */ = {isa = PBXBuildFile; fileRef = 4F9A389C2990BACC00735159 /* LaunchScreen.storyboard */; };
		4F9A38A92990BACC00735159 /* CoreDataTests.swift in Sources */ = {isa = PBXBuildFile; fileRef = 4F9A38A82990BACC00735159 /* CoreDataTests.swift */; };
		4F9A38C42990BBBE00735159 /* RestaurantModel.swift in Sources */ = {isa = PBXBuildFile; fileRef = 4F9A38C32990BBBE00735159 /* RestaurantModel.swift */; };
		4F9A38C92990BC1300735159 /* HomeViewController.swift in Sources */ = {isa = PBXBuildFile; fileRef = 4F9A38C82990BC1300735159 /* HomeViewController.swift */; };
		4F9A38CE2990BD1400735159 /* RestaurantList.json in Resources */ = {isa = PBXBuildFile; fileRef = 4F9A38CD2990BD1400735159 /* RestaurantList.json */; };
		4F9A38D02990BD3300735159 /* Service.swift in Sources */ = {isa = PBXBuildFile; fileRef = 4F9A38CF2990BD3300735159 /* Service.swift */; };
		4F9A38D22990BD4900735159 /* NetworkError.swift in Sources */ = {isa = PBXBuildFile; fileRef = 4F9A38D12990BD4900735159 /* NetworkError.swift */; };
		4F9A38D42990BD6A00735159 /* RequestModel.swift in Sources */ = {isa = PBXBuildFile; fileRef = 4F9A38D32990BD6A00735159 /* RequestModel.swift */; };
		4F9A38D72990BF2300735159 /* HomeProvider.swift in Sources */ = {isa = PBXBuildFile; fileRef = 4F9A38D62990BF2300735159 /* HomeProvider.swift */; };
		4F9A38D92990BF3100735159 /* HomePresenter.swift in Sources */ = {isa = PBXBuildFile; fileRef = 4F9A38D82990BF3100735159 /* HomePresenter.swift */; };
		4F9A38DC2990C48000735159 /* RestaurantCell.swift in Sources */ = {isa = PBXBuildFile; fileRef = 4F9A38DB2990C48000735159 /* RestaurantCell.swift */; };
		5855EC3DEF2BBA8468758482 /* Pods_KubikChallenge.framework in Frameworks */ = {isa = PBXBuildFile; fileRef = D5462C31C5DED2A915381553 /* Pods_KubikChallenge.framework */; };
/* End PBXBuildFile section */

/* Begin PBXContainerItemProxy section */
		4F9A38A52990BACC00735159 /* PBXContainerItemProxy */ = {
			isa = PBXContainerItemProxy;
			containerPortal = 4F9A38832990BACB00735159 /* Project object */;
			proxyType = 1;
			remoteGlobalIDString = 4F9A388A2990BACB00735159;
			remoteInfo = KubikChallenge;
		};
/* End PBXContainerItemProxy section */

/* Begin PBXFileReference section */
		24158B85631F07B62C02BF51 /* Pods-KubikChallengeTests.release.xcconfig */ = {isa = PBXFileReference; includeInIndex = 1; lastKnownFileType = text.xcconfig; name = "Pods-KubikChallengeTests.release.xcconfig"; path = "Target Support Files/Pods-KubikChallengeTests/Pods-KubikChallengeTests.release.xcconfig"; sourceTree = "<group>"; };
		4F6157162990D02B00C854D2 /* CoreDataStack.swift */ = {isa = PBXFileReference; lastKnownFileType = sourcecode.swift; path = CoreDataStack.swift; sourceTree = "<group>"; };
		4F6157182990D08200C854D2 /* FavoritesManager.swift */ = {isa = PBXFileReference; lastKnownFileType = sourcecode.swift; path = FavoritesManager.swift; sourceTree = "<group>"; };
		4F61571A2990D77400C854D2 /* CoreDataTestStack.swift */ = {isa = PBXFileReference; lastKnownFileType = sourcecode.swift; path = CoreDataTestStack.swift; sourceTree = "<group>"; };
		4F61571C2990D9AA00C854D2 /* HomePresenterTests.swift */ = {isa = PBXFileReference; lastKnownFileType = sourcecode.swift; path = HomePresenterTests.swift; sourceTree = "<group>"; };
		4F61571E2990DA0F00C854D2 /* HomeProviderMock.swift */ = {isa = PBXFileReference; lastKnownFileType = sourcecode.swift; path = HomeProviderMock.swift; sourceTree = "<group>"; };
		4F6157202990DA7500C854D2 /* Utils.swift */ = {isa = PBXFileReference; lastKnownFileType = sourcecode.swift; path = Utils.swift; sourceTree = "<group>"; };
		4F6157222990DF1200C854D2 /* HomeViewControllerTests.swift */ = {isa = PBXFileReference; lastKnownFileType = sourcecode.swift; path = HomeViewControllerTests.swift; sourceTree = "<group>"; };
		4F9A388B2990BACB00735159 /* KubikChallenge.app */ = {isa = PBXFileReference; explicitFileType = wrapper.application; includeInIndex = 0; path = KubikChallenge.app; sourceTree = BUILT_PRODUCTS_DIR; };
		4F9A388E2990BACB00735159 /* AppDelegate.swift */ = {isa = PBXFileReference; lastKnownFileType = sourcecode.swift; path = AppDelegate.swift; sourceTree = "<group>"; };
		4F9A38902990BACB00735159 /* SceneDelegate.swift */ = {isa = PBXFileReference; lastKnownFileType = sourcecode.swift; path = SceneDelegate.swift; sourceTree = "<group>"; };
		4F9A38982990BACB00735159 /* KubikChallenge.xcdatamodel */ = {isa = PBXFileReference; lastKnownFileType = wrapper.xcdatamodel; path = KubikChallenge.xcdatamodel; sourceTree = "<group>"; };
		4F9A389A2990BACC00735159 /* Assets.xcassets */ = {isa = PBXFileReference; lastKnownFileType = folder.assetcatalog; path = Assets.xcassets; sourceTree = "<group>"; };
		4F9A389D2990BACC00735159 /* Base */ = {isa = PBXFileReference; lastKnownFileType = file.storyboard; name = Base; path = Base.lproj/LaunchScreen.storyboard; sourceTree = "<group>"; };
		4F9A389F2990BACC00735159 /* Info.plist */ = {isa = PBXFileReference; lastKnownFileType = text.plist.xml; path = Info.plist; sourceTree = "<group>"; };
		4F9A38A42990BACC00735159 /* KubikChallengeTests.xctest */ = {isa = PBXFileReference; explicitFileType = wrapper.cfbundle; includeInIndex = 0; path = KubikChallengeTests.xctest; sourceTree = BUILT_PRODUCTS_DIR; };
		4F9A38A82990BACC00735159 /* CoreDataTests.swift */ = {isa = PBXFileReference; lastKnownFileType = sourcecode.swift; path = CoreDataTests.swift; sourceTree = "<group>"; };
		4F9A38C32990BBBE00735159 /* RestaurantModel.swift */ = {isa = PBXFileReference; lastKnownFileType = sourcecode.swift; path = RestaurantModel.swift; sourceTree = "<group>"; };
		4F9A38C82990BC1300735159 /* HomeViewController.swift */ = {isa = PBXFileReference; lastKnownFileType = sourcecode.swift; path = HomeViewController.swift; sourceTree = "<group>"; };
		4F9A38CD2990BD1400735159 /* RestaurantList.json */ = {isa = PBXFileReference; lastKnownFileType = text.json; path = RestaurantList.json; sourceTree = "<group>"; };
		4F9A38CF2990BD3300735159 /* Service.swift */ = {isa = PBXFileReference; lastKnownFileType = sourcecode.swift; path = Service.swift; sourceTree = "<group>"; };
		4F9A38D12990BD4900735159 /* NetworkError.swift */ = {isa = PBXFileReference; lastKnownFileType = sourcecode.swift; path = NetworkError.swift; sourceTree = "<group>"; };
		4F9A38D32990BD6A00735159 /* RequestModel.swift */ = {isa = PBXFileReference; lastKnownFileType = sourcecode.swift; path = RequestModel.swift; sourceTree = "<group>"; };
		4F9A38D62990BF2300735159 /* HomeProvider.swift */ = {isa = PBXFileReference; lastKnownFileType = sourcecode.swift; path = HomeProvider.swift; sourceTree = "<group>"; };
		4F9A38D82990BF3100735159 /* HomePresenter.swift */ = {isa = PBXFileReference; lastKnownFileType = sourcecode.swift; path = HomePresenter.swift; sourceTree = "<group>"; };
		4F9A38DB2990C48000735159 /* RestaurantCell.swift */ = {isa = PBXFileReference; lastKnownFileType = sourcecode.swift; path = RestaurantCell.swift; sourceTree = "<group>"; };
		66E4ADDD0DCB50156C912B1B /* Pods-KubikChallenge.debug.xcconfig */ = {isa = PBXFileReference; includeInIndex = 1; lastKnownFileType = text.xcconfig; name = "Pods-KubikChallenge.debug.xcconfig"; path = "Target Support Files/Pods-KubikChallenge/Pods-KubikChallenge.debug.xcconfig"; sourceTree = "<group>"; };
		6760748C13CF71C9EB8D2228 /* Pods-KubikChallenge.release.xcconfig */ = {isa = PBXFileReference; includeInIndex = 1; lastKnownFileType = text.xcconfig; name = "Pods-KubikChallenge.release.xcconfig"; path = "Target Support Files/Pods-KubikChallenge/Pods-KubikChallenge.release.xcconfig"; sourceTree = "<group>"; };
		6872505A6A7CA6A1F49090F5 /* Pods_KubikChallengeTests.framework */ = {isa = PBXFileReference; explicitFileType = wrapper.framework; includeInIndex = 0; path = Pods_KubikChallengeTests.framework; sourceTree = BUILT_PRODUCTS_DIR; };
		BDF18882D26DB465E63134AB /* Pods-KubikChallengeTests.debug.xcconfig */ = {isa = PBXFileReference; includeInIndex = 1; lastKnownFileType = text.xcconfig; name = "Pods-KubikChallengeTests.debug.xcconfig"; path = "Target Support Files/Pods-KubikChallengeTests/Pods-KubikChallengeTests.debug.xcconfig"; sourceTree = "<group>"; };
		D5462C31C5DED2A915381553 /* Pods_KubikChallenge.framework */ = {isa = PBXFileReference; explicitFileType = wrapper.framework; includeInIndex = 0; path = Pods_KubikChallenge.framework; sourceTree = BUILT_PRODUCTS_DIR; };
/* End PBXFileReference section */

/* Begin PBXFrameworksBuildPhase section */
		4F9A38882990BACB00735159 /* Frameworks */ = {
			isa = PBXFrameworksBuildPhase;
			buildActionMask = 2147483647;
			files = (
				5855EC3DEF2BBA8468758482 /* Pods_KubikChallenge.framework in Frameworks */,
			);
			runOnlyForDeploymentPostprocessing = 0;
		};
		4F9A38A12990BACC00735159 /* Frameworks */ = {
			isa = PBXFrameworksBuildPhase;
			buildActionMask = 2147483647;
			files = (
				0F0D67F12CB963AD1ECA8FE4 /* Pods_KubikChallengeTests.framework in Frameworks */,
			);
			runOnlyForDeploymentPostprocessing = 0;
		};
/* End PBXFrameworksBuildPhase section */

/* Begin PBXGroup section */
		33508AC6D219672BBEEF3D60 /* Frameworks */ = {
			isa = PBXGroup;
			children = (
				D5462C31C5DED2A915381553 /* Pods_KubikChallenge.framework */,
				6872505A6A7CA6A1F49090F5 /* Pods_KubikChallengeTests.framework */,
			);
			name = Frameworks;
			sourceTree = "<group>";
		};
		4F9A38822990BACB00735159 = {
			isa = PBXGroup;
			children = (
				4F9A388D2990BACB00735159 /* KubikChallenge */,
				4F9A38A72990BACC00735159 /* KubikChallengeTests */,
				4F9A388C2990BACB00735159 /* Products */,
				E744F992B4E8DC8458031AE2 /* Pods */,
				33508AC6D219672BBEEF3D60 /* Frameworks */,
			);
			sourceTree = "<group>";
		};
		4F9A388C2990BACB00735159 /* Products */ = {
			isa = PBXGroup;
			children = (
				4F9A388B2990BACB00735159 /* KubikChallenge.app */,
				4F9A38A42990BACC00735159 /* KubikChallengeTests.xctest */,
			);
			name = Products;
			sourceTree = "<group>";
		};
		4F9A388D2990BACB00735159 /* KubikChallenge */ = {
			isa = PBXGroup;
			children = (
				4F9A38CB2990BCF300735159 /* Utils */,
				4F9A38CA2990BCE900735159 /* Network */,
				4F9A38C22990BBA900735159 /* Models */,
				4F9A38C12990BB8B00735159 /* Home */,
				4F9A388E2990BACB00735159 /* AppDelegate.swift */,
				4F9A38902990BACB00735159 /* SceneDelegate.swift */,
				4F9A389A2990BACC00735159 /* Assets.xcassets */,
				4F9A389C2990BACC00735159 /* LaunchScreen.storyboard */,
				4F9A389F2990BACC00735159 /* Info.plist */,
				4F9A38972990BACB00735159 /* KubikChallenge.xcdatamodeld */,
			);
			path = KubikChallenge;
			sourceTree = "<group>";
		};
		4F9A38A72990BACC00735159 /* KubikChallengeTests */ = {
			isa = PBXGroup;
			children = (
				4F9A38A82990BACC00735159 /* CoreDataTests.swift */,
				4F61571A2990D77400C854D2 /* CoreDataTestStack.swift */,
				4F61571C2990D9AA00C854D2 /* HomePresenterTests.swift */,
				4F6157222990DF1200C854D2 /* HomeViewControllerTests.swift */,
			);
			path = KubikChallengeTests;
			sourceTree = "<group>";
		};
		4F9A38C12990BB8B00735159 /* Home */ = {
			isa = PBXGroup;
			children = (
				4F9A38C52990BBF300735159 /* Model */,
				4F9A38C62990BBF800735159 /* View */,
				4F9A38C72990BBFD00735159 /* Presenter */,
			);
			path = Home;
			sourceTree = "<group>";
		};
		4F9A38C22990BBA900735159 /* Models */ = {
			isa = PBXGroup;
			children = (
				4F9A38C32990BBBE00735159 /* RestaurantModel.swift */,
			);
			path = Models;
			sourceTree = "<group>";
		};
		4F9A38C52990BBF300735159 /* Model */ = {
			isa = PBXGroup;
			children = (
				4F9A38D52990BF1A00735159 /* Provider */,
			);
			path = Model;
			sourceTree = "<group>";
		};
		4F9A38C62990BBF800735159 /* View */ = {
			isa = PBXGroup;
			children = (
				4F9A38DA2990C47100735159 /* CustomCell */,
				4F9A38C82990BC1300735159 /* HomeViewController.swift */,
			);
			path = View;
			sourceTree = "<group>";
		};
		4F9A38C72990BBFD00735159 /* Presenter */ = {
			isa = PBXGroup;
			children = (
				4F9A38D82990BF3100735159 /* HomePresenter.swift */,
			);
			path = Presenter;
			sourceTree = "<group>";
		};
		4F9A38CA2990BCE900735159 /* Network */ = {
			isa = PBXGroup;
			children = (
				4F9A38CF2990BD3300735159 /* Service.swift */,
				4F9A38D12990BD4900735159 /* NetworkError.swift */,
				4F9A38D32990BD6A00735159 /* RequestModel.swift */,
			);
			path = Network;
			sourceTree = "<group>";
		};
		4F9A38CB2990BCF300735159 /* Utils */ = {
			isa = PBXGroup;
			children = (
				4F9A38CC2990BCF900735159 /* Mocks */,
				4F6157162990D02B00C854D2 /* CoreDataStack.swift */,
				4F6157182990D08200C854D2 /* FavoritesManager.swift */,
				4F6157202990DA7500C854D2 /* Utils.swift */,
			);
			path = Utils;
			sourceTree = "<group>";
		};
		4F9A38CC2990BCF900735159 /* Mocks */ = {
			isa = PBXGroup;
			children = (
				4F9A38CD2990BD1400735159 /* RestaurantList.json */,
			);
			path = Mocks;
			sourceTree = "<group>";
		};
		4F9A38D52990BF1A00735159 /* Provider */ = {
			isa = PBXGroup;
			children = (
				4F9A38D62990BF2300735159 /* HomeProvider.swift */,
				4F61571E2990DA0F00C854D2 /* HomeProviderMock.swift */,
			);
			path = Provider;
			sourceTree = "<group>";
		};
		4F9A38DA2990C47100735159 /* CustomCell */ = {
			isa = PBXGroup;
			children = (
				4F9A38DB2990C48000735159 /* RestaurantCell.swift */,
			);
			path = CustomCell;
			sourceTree = "<group>";
		};
		E744F992B4E8DC8458031AE2 /* Pods */ = {
			isa = PBXGroup;
			children = (
				66E4ADDD0DCB50156C912B1B /* Pods-KubikChallenge.debug.xcconfig */,
				6760748C13CF71C9EB8D2228 /* Pods-KubikChallenge.release.xcconfig */,
				BDF18882D26DB465E63134AB /* Pods-KubikChallengeTests.debug.xcconfig */,
				24158B85631F07B62C02BF51 /* Pods-KubikChallengeTests.release.xcconfig */,
			);
			path = Pods;
			sourceTree = "<group>";
		};
/* End PBXGroup section */

/* Begin PBXNativeTarget section */
		4F9A388A2990BACB00735159 /* KubikChallenge */ = {
			isa = PBXNativeTarget;
			buildConfigurationList = 4F9A38B82990BACC00735159 /* Build configuration list for PBXNativeTarget "KubikChallenge" */;
			buildPhases = (
				E9C43807904206A96D5B2E22 /* [CP] Check Pods Manifest.lock */,
				4F9A38872990BACB00735159 /* Sources */,
				4F9A38882990BACB00735159 /* Frameworks */,
				4F9A38892990BACB00735159 /* Resources */,
				E95EA851F68040C94DB30766 /* [CP] Embed Pods Frameworks */,
			);
			buildRules = (
			);
			dependencies = (
			);
			name = KubikChallenge;
			productName = KubikChallenge;
			productReference = 4F9A388B2990BACB00735159 /* KubikChallenge.app */;
			productType = "com.apple.product-type.application";
		};
		4F9A38A32990BACC00735159 /* KubikChallengeTests */ = {
			isa = PBXNativeTarget;
			buildConfigurationList = 4F9A38BB2990BACC00735159 /* Build configuration list for PBXNativeTarget "KubikChallengeTests" */;
			buildPhases = (
				08A571814744E3A9C2AE1969 /* [CP] Check Pods Manifest.lock */,
				4F9A38A02990BACC00735159 /* Sources */,
				4F9A38A12990BACC00735159 /* Frameworks */,
				4F9A38A22990BACC00735159 /* Resources */,
			);
			buildRules = (
			);
			dependencies = (
				4F9A38A62990BACC00735159 /* PBXTargetDependency */,
			);
			name = KubikChallengeTests;
			productName = KubikChallengeTests;
			productReference = 4F9A38A42990BACC00735159 /* KubikChallengeTests.xctest */;
			productType = "com.apple.product-type.bundle.unit-test";
		};
/* End PBXNativeTarget section */

/* Begin PBXProject section */
		4F9A38832990BACB00735159 /* Project object */ = {
			isa = PBXProject;
			attributes = {
				BuildIndependentTargetsInParallel = 1;
				LastSwiftUpdateCheck = 1420;
				LastUpgradeCheck = 1420;
				TargetAttributes = {
					4F9A388A2990BACB00735159 = {
						CreatedOnToolsVersion = 14.2;
					};
					4F9A38A32990BACC00735159 = {
						CreatedOnToolsVersion = 14.2;
						TestTargetID = 4F9A388A2990BACB00735159;
					};
				};
			};
			buildConfigurationList = 4F9A38862990BACB00735159 /* Build configuration list for PBXProject "KubikChallenge" */;
			compatibilityVersion = "Xcode 14.0";
			developmentRegion = en;
			hasScannedForEncodings = 0;
			knownRegions = (
				en,
				Base,
			);
			mainGroup = 4F9A38822990BACB00735159;
			productRefGroup = 4F9A388C2990BACB00735159 /* Products */;
			projectDirPath = "";
			projectRoot = "";
			targets = (
				4F9A388A2990BACB00735159 /* KubikChallenge */,
				4F9A38A32990BACC00735159 /* KubikChallengeTests */,
			);
		};
/* End PBXProject section */

/* Begin PBXResourcesBuildPhase section */
		4F9A38892990BACB00735159 /* Resources */ = {
			isa = PBXResourcesBuildPhase;
			buildActionMask = 2147483647;
			files = (
				4F9A38CE2990BD1400735159 /* RestaurantList.json in Resources */,
				4F9A389E2990BACC00735159 /* LaunchScreen.storyboard in Resources */,
				4F9A389B2990BACC00735159 /* Assets.xcassets in Resources */,
			);
			runOnlyForDeploymentPostprocessing = 0;
		};
		4F9A38A22990BACC00735159 /* Resources */ = {
			isa = PBXResourcesBuildPhase;
			buildActionMask = 2147483647;
			files = (
			);
			runOnlyForDeploymentPostprocessing = 0;
		};
/* End PBXResourcesBuildPhase section */

/* Begin PBXShellScriptBuildPhase section */
		08A571814744E3A9C2AE1969 /* [CP] Check Pods Manifest.lock */ = {
			isa = PBXShellScriptBuildPhase;
			buildActionMask = 2147483647;
			files = (
			);
			inputFileListPaths = (
			);
			inputPaths = (
				"${PODS_PODFILE_DIR_PATH}/Podfile.lock",
				"${PODS_ROOT}/Manifest.lock",
			);
			name = "[CP] Check Pods Manifest.lock";
			outputFileListPaths = (
			);
			outputPaths = (
				"$(DERIVED_FILE_DIR)/Pods-KubikChallengeTests-checkManifestLockResult.txt",
			);
			runOnlyForDeploymentPostprocessing = 0;
			shellPath = /bin/sh;
			shellScript = "diff \"${PODS_PODFILE_DIR_PATH}/Podfile.lock\" \"${PODS_ROOT}/Manifest.lock\" > /dev/null\nif [ $? != 0 ] ; then\n    # print error to STDERR\n    echo \"error: The sandbox is not in sync with the Podfile.lock. Run 'pod install' or update your CocoaPods installation.\" >&2\n    exit 1\nfi\n# This output is used by Xcode 'outputs' to avoid re-running this script phase.\necho \"SUCCESS\" > \"${SCRIPT_OUTPUT_FILE_0}\"\n";
			showEnvVarsInLog = 0;
		};
		E95EA851F68040C94DB30766 /* [CP] Embed Pods Frameworks */ = {
			isa = PBXShellScriptBuildPhase;
			buildActionMask = 2147483647;
			files = (
			);
			inputFileListPaths = (
				"${PODS_ROOT}/Target Support Files/Pods-KubikChallenge/Pods-KubikChallenge-frameworks-${CONFIGURATION}-input-files.xcfilelist",
			);
			name = "[CP] Embed Pods Frameworks";
			outputFileListPaths = (
				"${PODS_ROOT}/Target Support Files/Pods-KubikChallenge/Pods-KubikChallenge-frameworks-${CONFIGURATION}-output-files.xcfilelist",
			);
			runOnlyForDeploymentPostprocessing = 0;
			shellPath = /bin/sh;
			shellScript = "\"${PODS_ROOT}/Target Support Files/Pods-KubikChallenge/Pods-KubikChallenge-frameworks.sh\"\n";
			showEnvVarsInLog = 0;
		};
		E9C43807904206A96D5B2E22 /* [CP] Check Pods Manifest.lock */ = {
			isa = PBXShellScriptBuildPhase;
			buildActionMask = 2147483647;
			files = (
			);
			inputFileListPaths = (
			);
			inputPaths = (
				"${PODS_PODFILE_DIR_PATH}/Podfile.lock",
				"${PODS_ROOT}/Manifest.lock",
			);
			name = "[CP] Check Pods Manifest.lock";
			outputFileListPaths = (
			);
			outputPaths = (
				"$(DERIVED_FILE_DIR)/Pods-KubikChallenge-checkManifestLockResult.txt",
			);
			runOnlyForDeploymentPostprocessing = 0;
			shellPath = /bin/sh;
			shellScript = "diff \"${PODS_PODFILE_DIR_PATH}/Podfile.lock\" \"${PODS_ROOT}/Manifest.lock\" > /dev/null\nif [ $? != 0 ] ; then\n    # print error to STDERR\n    echo \"error: The sandbox is not in sync with the Podfile.lock. Run 'pod install' or update your CocoaPods installation.\" >&2\n    exit 1\nfi\n# This output is used by Xcode 'outputs' to avoid re-running this script phase.\necho \"SUCCESS\" > \"${SCRIPT_OUTPUT_FILE_0}\"\n";
			showEnvVarsInLog = 0;
		};
/* End PBXShellScriptBuildPhase section */

/* Begin PBXSourcesBuildPhase section */
		4F9A38872990BACB00735159 /* Sources */ = {
			isa = PBXSourcesBuildPhase;
			buildActionMask = 2147483647;
			files = (
				4F9A38C92990BC1300735159 /* HomeViewController.swift in Sources */,
				4F9A38D22990BD4900735159 /* NetworkError.swift in Sources */,
				4F9A38992990BACB00735159 /* KubikChallenge.xcdatamodeld in Sources */,
				4F6157172990D02B00C854D2 /* CoreDataStack.swift in Sources */,
				4F9A38D92990BF3100735159 /* HomePresenter.swift in Sources */,
				4F6157212990DA7500C854D2 /* Utils.swift in Sources */,
				4F9A38D72990BF2300735159 /* HomeProvider.swift in Sources */,
				4F9A388F2990BACB00735159 /* AppDelegate.swift in Sources */,
				4F9A38C42990BBBE00735159 /* RestaurantModel.swift in Sources */,
				4F9A38912990BACB00735159 /* SceneDelegate.swift in Sources */,
				4F9A38DC2990C48000735159 /* RestaurantCell.swift in Sources */,
				4F9A38D02990BD3300735159 /* Service.swift in Sources */,
				4F6157192990D08200C854D2 /* FavoritesManager.swift in Sources */,
				4F9A38D42990BD6A00735159 /* RequestModel.swift in Sources */,
				4F61571F2990DA0F00C854D2 /* HomeProviderMock.swift in Sources */,
			);
			runOnlyForDeploymentPostprocessing = 0;
		};
		4F9A38A02990BACC00735159 /* Sources */ = {
			isa = PBXSourcesBuildPhase;
			buildActionMask = 2147483647;
			files = (
				4F9A38A92990BACC00735159 /* CoreDataTests.swift in Sources */,
				4F61571B2990D77400C854D2 /* CoreDataTestStack.swift in Sources */,
				4F61571D2990D9AA00C854D2 /* HomePresenterTests.swift in Sources */,
				4F6157232990DF1200C854D2 /* HomeViewControllerTests.swift in Sources */,
			);
			runOnlyForDeploymentPostprocessing = 0;
		};
/* End PBXSourcesBuildPhase section */

/* Begin PBXTargetDependency section */
		4F9A38A62990BACC00735159 /* PBXTargetDependency */ = {
			isa = PBXTargetDependency;
			target = 4F9A388A2990BACB00735159 /* KubikChallenge */;
			targetProxy = 4F9A38A52990BACC00735159 /* PBXContainerItemProxy */;
		};
/* End PBXTargetDependency section */

/* Begin PBXVariantGroup section */
		4F9A389C2990BACC00735159 /* LaunchScreen.storyboard */ = {
			isa = PBXVariantGroup;
			children = (
				4F9A389D2990BACC00735159 /* Base */,
			);
			name = LaunchScreen.storyboard;
			sourceTree = "<group>";
		};
/* End PBXVariantGroup section */

/* Begin XCBuildConfiguration section */
		4F9A38B62990BACC00735159 /* Debug */ = {
			isa = XCBuildConfiguration;
			buildSettings = {
				ALWAYS_SEARCH_USER_PATHS = NO;
				CLANG_ANALYZER_NONNULL = YES;
				CLANG_ANALYZER_NUMBER_OBJECT_CONVERSION = YES_AGGRESSIVE;
				CLANG_CXX_LANGUAGE_STANDARD = "gnu++20";
				CLANG_ENABLE_MODULES = YES;
				CLANG_ENABLE_OBJC_ARC = YES;
				CLANG_ENABLE_OBJC_WEAK = YES;
				CLANG_WARN_BLOCK_CAPTURE_AUTORELEASING = YES;
				CLANG_WARN_BOOL_CONVERSION = YES;
				CLANG_WARN_COMMA = YES;
				CLANG_WARN_CONSTANT_CONVERSION = YES;
				CLANG_WARN_DEPRECATED_OBJC_IMPLEMENTATIONS = YES;
				CLANG_WARN_DIRECT_OBJC_ISA_USAGE = YES_ERROR;
				CLANG_WARN_DOCUMENTATION_COMMENTS = YES;
				CLANG_WARN_EMPTY_BODY = YES;
				CLANG_WARN_ENUM_CONVERSION = YES;
				CLANG_WARN_INFINITE_RECURSION = YES;
				CLANG_WARN_INT_CONVERSION = YES;
				CLANG_WARN_NON_LITERAL_NULL_CONVERSION = YES;
				CLANG_WARN_OBJC_IMPLICIT_RETAIN_SELF = YES;
				CLANG_WARN_OBJC_LITERAL_CONVERSION = YES;
				CLANG_WARN_OBJC_ROOT_CLASS = YES_ERROR;
				CLANG_WARN_QUOTED_INCLUDE_IN_FRAMEWORK_HEADER = YES;
				CLANG_WARN_RANGE_LOOP_ANALYSIS = YES;
				CLANG_WARN_STRICT_PROTOTYPES = YES;
				CLANG_WARN_SUSPICIOUS_MOVE = YES;
				CLANG_WARN_UNGUARDED_AVAILABILITY = YES_AGGRESSIVE;
				CLANG_WARN_UNREACHABLE_CODE = YES;
				CLANG_WARN__DUPLICATE_METHOD_MATCH = YES;
				COPY_PHASE_STRIP = NO;
				DEBUG_INFORMATION_FORMAT = dwarf;
				ENABLE_STRICT_OBJC_MSGSEND = YES;
				ENABLE_TESTABILITY = YES;
				GCC_C_LANGUAGE_STANDARD = gnu11;
				GCC_DYNAMIC_NO_PIC = NO;
				GCC_NO_COMMON_BLOCKS = YES;
				GCC_OPTIMIZATION_LEVEL = 0;
				GCC_PREPROCESSOR_DEFINITIONS = (
					"DEBUG=1",
					"$(inherited)",
				);
				GCC_WARN_64_TO_32_BIT_CONVERSION = YES;
				GCC_WARN_ABOUT_RETURN_TYPE = YES_ERROR;
				GCC_WARN_UNDECLARED_SELECTOR = YES;
				GCC_WARN_UNINITIALIZED_AUTOS = YES_AGGRESSIVE;
				GCC_WARN_UNUSED_FUNCTION = YES;
				GCC_WARN_UNUSED_VARIABLE = YES;
				IPHONEOS_DEPLOYMENT_TARGET = 13.0;
				MTL_ENABLE_DEBUG_INFO = INCLUDE_SOURCE;
				MTL_FAST_MATH = YES;
				ONLY_ACTIVE_ARCH = YES;
				SDKROOT = iphoneos;
				SWIFT_ACTIVE_COMPILATION_CONDITIONS = DEBUG;
				SWIFT_OPTIMIZATION_LEVEL = "-Onone";
			};
			name = Debug;
		};
		4F9A38B72990BACC00735159 /* Release */ = {
			isa = XCBuildConfiguration;
			buildSettings = {
				ALWAYS_SEARCH_USER_PATHS = NO;
				CLANG_ANALYZER_NONNULL = YES;
				CLANG_ANALYZER_NUMBER_OBJECT_CONVERSION = YES_AGGRESSIVE;
				CLANG_CXX_LANGUAGE_STANDARD = "gnu++20";
				CLANG_ENABLE_MODULES = YES;
				CLANG_ENABLE_OBJC_ARC = YES;
				CLANG_ENABLE_OBJC_WEAK = YES;
				CLANG_WARN_BLOCK_CAPTURE_AUTORELEASING = YES;
				CLANG_WARN_BOOL_CONVERSION = YES;
				CLANG_WARN_COMMA = YES;
				CLANG_WARN_CONSTANT_CONVERSION = YES;
				CLANG_WARN_DEPRECATED_OBJC_IMPLEMENTATIONS = YES;
				CLANG_WARN_DIRECT_OBJC_ISA_USAGE = YES_ERROR;
				CLANG_WARN_DOCUMENTATION_COMMENTS = YES;
				CLANG_WARN_EMPTY_BODY = YES;
				CLANG_WARN_ENUM_CONVERSION = YES;
				CLANG_WARN_INFINITE_RECURSION = YES;
				CLANG_WARN_INT_CONVERSION = YES;
				CLANG_WARN_NON_LITERAL_NULL_CONVERSION = YES;
				CLANG_WARN_OBJC_IMPLICIT_RETAIN_SELF = YES;
				CLANG_WARN_OBJC_LITERAL_CONVERSION = YES;
				CLANG_WARN_OBJC_ROOT_CLASS = YES_ERROR;
				CLANG_WARN_QUOTED_INCLUDE_IN_FRAMEWORK_HEADER = YES;
				CLANG_WARN_RANGE_LOOP_ANALYSIS = YES;
				CLANG_WARN_STRICT_PROTOTYPES = YES;
				CLANG_WARN_SUSPICIOUS_MOVE = YES;
				CLANG_WARN_UNGUARDED_AVAILABILITY = YES_AGGRESSIVE;
				CLANG_WARN_UNREACHABLE_CODE = YES;
				CLANG_WARN__DUPLICATE_METHOD_MATCH = YES;
				COPY_PHASE_STRIP = NO;
				DEBUG_INFORMATION_FORMAT = "dwarf-with-dsym";
				ENABLE_NS_ASSERTIONS = NO;
				ENABLE_STRICT_OBJC_MSGSEND = YES;
				GCC_C_LANGUAGE_STANDARD = gnu11;
				GCC_NO_COMMON_BLOCKS = YES;
				GCC_WARN_64_TO_32_BIT_CONVERSION = YES;
				GCC_WARN_ABOUT_RETURN_TYPE = YES_ERROR;
				GCC_WARN_UNDECLARED_SELECTOR = YES;
				GCC_WARN_UNINITIALIZED_AUTOS = YES_AGGRESSIVE;
				GCC_WARN_UNUSED_FUNCTION = YES;
				GCC_WARN_UNUSED_VARIABLE = YES;
				IPHONEOS_DEPLOYMENT_TARGET = 13.0;
				MTL_ENABLE_DEBUG_INFO = NO;
				MTL_FAST_MATH = YES;
				SDKROOT = iphoneos;
				SWIFT_COMPILATION_MODE = wholemodule;
				SWIFT_OPTIMIZATION_LEVEL = "-O";
				VALIDATE_PRODUCT = YES;
			};
			name = Release;
		};
		4F9A38B92990BACC00735159 /* Debug */ = {
			isa = XCBuildConfiguration;
			baseConfigurationReference = 66E4ADDD0DCB50156C912B1B /* Pods-KubikChallenge.debug.xcconfig */;
			buildSettings = {
				ASSETCATALOG_COMPILER_APPICON_NAME = AppIcon;
				ASSETCATALOG_COMPILER_GLOBAL_ACCENT_COLOR_NAME = AccentColor;
				CODE_SIGN_STYLE = Automatic;
				CURRENT_PROJECT_VERSION = 1;
				GENERATE_INFOPLIST_FILE = YES;
				INFOPLIST_FILE = KubikChallenge/Info.plist;
				INFOPLIST_KEY_UIApplicationSupportsIndirectInputEvents = YES;
				INFOPLIST_KEY_UILaunchStoryboardName = LaunchScreen;
				INFOPLIST_KEY_UIMainStoryboardFile = "";
				INFOPLIST_KEY_UISupportedInterfaceOrientations_iPad = "UIInterfaceOrientationPortrait UIInterfaceOrientationPortraitUpsideDown UIInterfaceOrientationLandscapeLeft UIInterfaceOrientationLandscapeRight";
				INFOPLIST_KEY_UISupportedInterfaceOrientations_iPhone = "UIInterfaceOrientationPortrait UIInterfaceOrientationLandscapeLeft UIInterfaceOrientationLandscapeRight";
				IPHONEOS_DEPLOYMENT_TARGET = 13.0;
				LD_RUNPATH_SEARCH_PATHS = (
					"$(inherited)",
					"@executable_path/Frameworks",
				);
				MARKETING_VERSION = 1.0;
				PRODUCT_BUNDLE_IDENTIFIER = nicosieiro.KubikChallenge;
				PRODUCT_NAME = "$(TARGET_NAME)";
				SWIFT_EMIT_LOC_STRINGS = YES;
				SWIFT_VERSION = 5.0;
				TARGETED_DEVICE_FAMILY = "1,2";
			};
			name = Debug;
		};
		4F9A38BA2990BACC00735159 /* Release */ = {
			isa = XCBuildConfiguration;
			baseConfigurationReference = 6760748C13CF71C9EB8D2228 /* Pods-KubikChallenge.release.xcconfig */;
			buildSettings = {
				ASSETCATALOG_COMPILER_APPICON_NAME = AppIcon;
				ASSETCATALOG_COMPILER_GLOBAL_ACCENT_COLOR_NAME = AccentColor;
				CODE_SIGN_STYLE = Automatic;
				CURRENT_PROJECT_VERSION = 1;
				GENERATE_INFOPLIST_FILE = YES;
				INFOPLIST_FILE = KubikChallenge/Info.plist;
				INFOPLIST_KEY_UIApplicationSupportsIndirectInputEvents = YES;
				INFOPLIST_KEY_UILaunchStoryboardName = LaunchScreen;
				INFOPLIST_KEY_UIMainStoryboardFile = "";
				INFOPLIST_KEY_UISupportedInterfaceOrientations_iPad = "UIInterfaceOrientationPortrait UIInterfaceOrientationPortraitUpsideDown UIInterfaceOrientationLandscapeLeft UIInterfaceOrientationLandscapeRight";
				INFOPLIST_KEY_UISupportedInterfaceOrientations_iPhone = "UIInterfaceOrientationPortrait UIInterfaceOrientationLandscapeLeft UIInterfaceOrientationLandscapeRight";
				IPHONEOS_DEPLOYMENT_TARGET = 13.0;
				LD_RUNPATH_SEARCH_PATHS = (
					"$(inherited)",
					"@executable_path/Frameworks",
				);
				MARKETING_VERSION = 1.0;
				PRODUCT_BUNDLE_IDENTIFIER = nicosieiro.KubikChallenge;
				PRODUCT_NAME = "$(TARGET_NAME)";
				SWIFT_EMIT_LOC_STRINGS = YES;
				SWIFT_VERSION = 5.0;
				TARGETED_DEVICE_FAMILY = "1,2";
			};
			name = Release;
		};
		4F9A38BC2990BACC00735159 /* Debug */ = {
			isa = XCBuildConfiguration;
			baseConfigurationReference = BDF18882D26DB465E63134AB /* Pods-KubikChallengeTests.debug.xcconfig */;
			buildSettings = {
				ALWAYS_EMBED_SWIFT_STANDARD_LIBRARIES = YES;
				BUNDLE_LOADER = "$(TEST_HOST)";
				CODE_SIGN_STYLE = Automatic;
				CURRENT_PROJECT_VERSION = 1;
				GENERATE_INFOPLIST_FILE = YES;
				IPHONEOS_DEPLOYMENT_TARGET = 13.0;
				MARKETING_VERSION = 1.0;
				PRODUCT_BUNDLE_IDENTIFIER = nicosieiro.KubikChallengeTests;
				PRODUCT_NAME = "$(TARGET_NAME)";
				SWIFT_EMIT_LOC_STRINGS = NO;
				SWIFT_VERSION = 5.0;
				TARGETED_DEVICE_FAMILY = "1,2";
				TEST_HOST = "$(BUILT_PRODUCTS_DIR)/KubikChallenge.app/$(BUNDLE_EXECUTABLE_FOLDER_PATH)/KubikChallenge";
			};
			name = Debug;
		};
		4F9A38BD2990BACC00735159 /* Release */ = {
			isa = XCBuildConfiguration;
			baseConfigurationReference = 24158B85631F07B62C02BF51 /* Pods-KubikChallengeTests.release.xcconfig */;
			buildSettings = {
				ALWAYS_EMBED_SWIFT_STANDARD_LIBRARIES = YES;
				BUNDLE_LOADER = "$(TEST_HOST)";
				CODE_SIGN_STYLE = Automatic;
				CURRENT_PROJECT_VERSION = 1;
				GENERATE_INFOPLIST_FILE = YES;
				IPHONEOS_DEPLOYMENT_TARGET = 13.0;
				MARKETING_VERSION = 1.0;
				PRODUCT_BUNDLE_IDENTIFIER = nicosieiro.KubikChallengeTests;
				PRODUCT_NAME = "$(TARGET_NAME)";
				SWIFT_EMIT_LOC_STRINGS = NO;
				SWIFT_VERSION = 5.0;
				TARGETED_DEVICE_FAMILY = "1,2";
				TEST_HOST = "$(BUILT_PRODUCTS_DIR)/KubikChallenge.app/$(BUNDLE_EXECUTABLE_FOLDER_PATH)/KubikChallenge";
			};
			name = Release;
		};
/* End XCBuildConfiguration section */

/* Begin XCConfigurationList section */
		4F9A38862990BACB00735159 /* Build configuration list for PBXProject "KubikChallenge" */ = {
			isa = XCConfigurationList;
			buildConfigurations = (
				4F9A38B62990BACC00735159 /* Debug */,
				4F9A38B72990BACC00735159 /* Release */,
			);
			defaultConfigurationIsVisible = 0;
			defaultConfigurationName = Release;
		};
		4F9A38B82990BACC00735159 /* Build configuration list for PBXNativeTarget "KubikChallenge" */ = {
			isa = XCConfigurationList;
			buildConfigurations = (
				4F9A38B92990BACC00735159 /* Debug */,
				4F9A38BA2990BACC00735159 /* Release */,
			);
			defaultConfigurationIsVisible = 0;
			defaultConfigurationName = Release;
		};
		4F9A38BB2990BACC00735159 /* Build configuration list for PBXNativeTarget "KubikChallengeTests" */ = {
			isa = XCConfigurationList;
			buildConfigurations = (
				4F9A38BC2990BACC00735159 /* Debug */,
				4F9A38BD2990BACC00735159 /* Release */,
			);
			defaultConfigurationIsVisible = 0;
			defaultConfigurationName = Release;
		};
/* End XCConfigurationList section */

/* Begin XCVersionGroup section */
		4F9A38972990BACB00735159 /* KubikChallenge.xcdatamodeld */ = {
			isa = XCVersionGroup;
			children = (
				4F9A38982990BACB00735159 /* KubikChallenge.xcdatamodel */,
			);
			currentVersion = 4F9A38982990BACB00735159 /* KubikChallenge.xcdatamodel */;
			path = KubikChallenge.xcdatamodeld;
			sourceTree = "<group>";
			versionGroupType = wrapper.xcdatamodel;
		};
/* End XCVersionGroup section */
	};
	rootObject = 4F9A38832990BACB00735159 /* Project object */;
}
